// !$*UTF8*$!
{
	archiveVersion = 1;
	classes = {
	};
	objectVersion = 55;
	objects = {

/* Begin PBXBuildFile section */
		682ECBA1284104A6002B39AF /* OptiScanBarcodeReader_iOS.swift in Sources */ = {isa = PBXBuildFile; fileRef = 682ECBA0284104A6002B39AF /* OptiScanBarcodeReader_iOS.swift */; };
		682ECBA928428EA6002B39AF /* OptiScanBarcodeReader.framework in Frameworks */ = {isa = PBXBuildFile; fileRef = 682ECBA828428EA5002B39AF /* OptiScanBarcodeReader.framework */; platformFilter = ios; };
		682ECBAA28429191002B39AF /* OptiScanBarcodeReader_iOS.swift in CopyFiles */ = {isa = PBXBuildFile; fileRef = 682ECBA0284104A6002B39AF /* OptiScanBarcodeReader_iOS.swift */; };
/* End PBXBuildFile section */

/* Begin PBXCopyFilesBuildPhase section */
		682ECB9B284104A6002B39AF /* CopyFiles */ = {
			isa = PBXCopyFilesBuildPhase;
			buildActionMask = 2147483647;
			dstPath = "include/$(PRODUCT_NAME)";
			dstSubfolderSpec = 16;
			files = (
				682ECBAA28429191002B39AF /* OptiScanBarcodeReader_iOS.swift in CopyFiles */,
			);
			runOnlyForDeploymentPostprocessing = 0;
		};
/* End PBXCopyFilesBuildPhase section */

/* Begin PBXFileReference section */
		682ECB9D284104A6002B39AF /* libOptiScanBarcodeReader-iOS.a */ = {isa = PBXFileReference; explicitFileType = archive.ar; includeInIndex = 0; path = "libOptiScanBarcodeReader-iOS.a"; sourceTree = BUILT_PRODUCTS_DIR; };
		682ECBA0284104A6002B39AF /* OptiScanBarcodeReader_iOS.swift */ = {isa = PBXFileReference; lastKnownFileType = sourcecode.swift; path = OptiScanBarcodeReader_iOS.swift; sourceTree = "<group>"; };
		682ECBA828428EA5002B39AF /* OptiScanBarcodeReader.framework */ = {isa = PBXFileReference; lastKnownFileType = wrapper.framework; path = OptiScanBarcodeReader.framework; sourceTree = "<group>"; };
/* End PBXFileReference section */

/* Begin PBXFrameworksBuildPhase section */
		682ECB9A284104A6002B39AF /* Frameworks */ = {
			isa = PBXFrameworksBuildPhase;
			buildActionMask = 2147483647;
			files = (
				682ECBA928428EA6002B39AF /* OptiScanBarcodeReader.framework in Frameworks */,
			);
			runOnlyForDeploymentPostprocessing = 0;
		};
/* End PBXFrameworksBuildPhase section */

/* Begin PBXGroup section */
		682ECB94284104A6002B39AF = {
			isa = PBXGroup;
			children = (
				682ECB9F284104A6002B39AF /* OptiScanBarcodeReader-iOS */,
				682ECB9E284104A6002B39AF /* Products */,
			);
			sourceTree = "<group>";
		};
		682ECB9E284104A6002B39AF /* Products */ = {
			isa = PBXGroup;
			children = (
				682ECB9D284104A6002B39AF /* libOptiScanBarcodeReader-iOS.a */,
			);
			name = Products;
			sourceTree = "<group>";
		};
		682ECB9F284104A6002B39AF /* OptiScanBarcodeReader-iOS */ = {
			isa = PBXGroup;
			children = (
				682ECBA0284104A6002B39AF /* OptiScanBarcodeReader_iOS.swift */,
				682ECBA728411A83002B39AF /* 3rdPartyLibrary */,
			);
			path = "OptiScanBarcodeReader-iOS";
			sourceTree = "<group>";
		};
		682ECBA728411A83002B39AF /* 3rdPartyLibrary */ = {
			isa = PBXGroup;
			children = (
				682ECBA828428EA5002B39AF /* OptiScanBarcodeReader.framework */,
			);
			path = 3rdPartyLibrary;
			sourceTree = "<group>";
		};
/* End PBXGroup section */

/* Begin PBXNativeTarget section */
		682ECB9C284104A6002B39AF /* OptiScanBarcodeReader-iOS */ = {
			isa = PBXNativeTarget;
			buildConfigurationList = 682ECBA4284104A6002B39AF /* Build configuration list for PBXNativeTarget "OptiScanBarcodeReader-iOS" */;
			buildPhases = (
				682ECB99284104A6002B39AF /* Sources */,
				682ECB9A284104A6002B39AF /* Frameworks */,
				682ECB9B284104A6002B39AF /* CopyFiles */,
			);
			buildRules = (
			);
			dependencies = (
			);
			name = "OptiScanBarcodeReader-iOS";
			productName = "OptiScanBarcodeReader-iOS";
			productReference = 682ECB9D284104A6002B39AF /* libOptiScanBarcodeReader-iOS.a */;
			productType = "com.apple.product-type.library.static";
		};
/* End PBXNativeTarget section */

/* Begin PBXProject section */
		682ECB95284104A6002B39AF /* Project object */ = {
			isa = PBXProject;
			attributes = {
				BuildIndependentTargetsInParallel = 1;
				LastSwiftUpdateCheck = 1340;
				LastUpgradeCheck = 1340;
				TargetAttributes = {
					682ECB9C284104A6002B39AF = {
						CreatedOnToolsVersion = 13.4;
					};
				};
			};
			buildConfigurationList = 682ECB98284104A6002B39AF /* Build configuration list for PBXProject "OptiScanBarcodeReader-iOS" */;
			compatibilityVersion = "Xcode 13.0";
			developmentRegion = en;
			hasScannedForEncodings = 0;
			knownRegions = (
				en,
				Base,
			);
			mainGroup = 682ECB94284104A6002B39AF;
			productRefGroup = 682ECB9E284104A6002B39AF /* Products */;
			projectDirPath = "";
			projectRoot = "";
			targets = (
				682ECB9C284104A6002B39AF /* OptiScanBarcodeReader-iOS */,
			);
		};
/* End PBXProject section */

/* Begin PBXSourcesBuildPhase section */
		682ECB99284104A6002B39AF /* Sources */ = {
			isa = PBXSourcesBuildPhase;
			buildActionMask = 2147483647;
			files = (
				682ECBA1284104A6002B39AF /* OptiScanBarcodeReader_iOS.swift in Sources */,
			);
			runOnlyForDeploymentPostprocessing = 0;
		};
/* End PBXSourcesBuildPhase section */

/* Begin XCBuildConfiguration section */
		682ECBA2284104A6002B39AF /* Debug */ = {
			isa = XCBuildConfiguration;
			buildSettings = {
				ALWAYS_SEARCH_USER_PATHS = NO;
				CLANG_ANALYZER_NONNULL = YES;
				CLANG_ANALYZER_NUMBER_OBJECT_CONVERSION = YES_AGGRESSIVE;
				CLANG_CXX_LANGUAGE_STANDARD = "gnu++17";
				CLANG_ENABLE_MODULES = YES;
				CLANG_ENABLE_OBJC_ARC = YES;
				CLANG_ENABLE_OBJC_WEAK = YES;
				CLANG_WARN_BLOCK_CAPTURE_AUTORELEASING = YES;
				CLANG_WARN_BOOL_CONVERSION = YES;
				CLANG_WARN_COMMA = YES;
				CLANG_WARN_CONSTANT_CONVERSION = YES;
				CLANG_WARN_DEPRECATED_OBJC_IMPLEMENTATIONS = YES;
				CLANG_WARN_DIRECT_OBJC_ISA_USAGE = YES_ERROR;
				CLANG_WARN_DOCUMENTATION_COMMENTS = YES;
				CLANG_WARN_EMPTY_BODY = YES;
				CLANG_WARN_ENUM_CONVERSION = YES;
				CLANG_WARN_INFINITE_RECURSION = YES;
				CLANG_WARN_INT_CONVERSION = YES;
				CLANG_WARN_NON_LITERAL_NULL_CONVERSION = YES;
				CLANG_WARN_OBJC_IMPLICIT_RETAIN_SELF = YES;
				CLANG_WARN_OBJC_LITERAL_CONVERSION = YES;
				CLANG_WARN_OBJC_ROOT_CLASS = YES_ERROR;
				CLANG_WARN_QUOTED_INCLUDE_IN_FRAMEWORK_HEADER = YES;
				CLANG_WARN_RANGE_LOOP_ANALYSIS = YES;
				CLANG_WARN_STRICT_PROTOTYPES = YES;
				CLANG_WARN_SUSPICIOUS_MOVE = YES;
				CLANG_WARN_UNGUARDED_AVAILABILITY = YES_AGGRESSIVE;
				CLANG_WARN_UNREACHABLE_CODE = YES;
				CLANG_WARN__DUPLICATE_METHOD_MATCH = YES;
				COPY_PHASE_STRIP = NO;
				DEBUG_INFORMATION_FORMAT = dwarf;
				ENABLE_STRICT_OBJC_MSGSEND = YES;
				ENABLE_TESTABILITY = YES;
				GCC_C_LANGUAGE_STANDARD = gnu11;
				GCC_DYNAMIC_NO_PIC = NO;
				GCC_NO_COMMON_BLOCKS = YES;
				GCC_OPTIMIZATION_LEVEL = 0;
				GCC_PREPROCESSOR_DEFINITIONS = (
					"DEBUG=1",
					"$(inherited)",
				);
				GCC_WARN_64_TO_32_BIT_CONVERSION = YES;
				GCC_WARN_ABOUT_RETURN_TYPE = YES_ERROR;
				GCC_WARN_UNDECLARED_SELECTOR = YES;
				GCC_WARN_UNINITIALIZED_AUTOS = YES_AGGRESSIVE;
				GCC_WARN_UNUSED_FUNCTION = YES;
				GCC_WARN_UNUSED_VARIABLE = YES;
				IPHONEOS_DEPLOYMENT_TARGET = 13.0;
				MTL_ENABLE_DEBUG_INFO = INCLUDE_SOURCE;
				MTL_FAST_MATH = YES;
				ONLY_ACTIVE_ARCH = YES;
				SDKROOT = iphoneos;
				SWIFT_ACTIVE_COMPILATION_CONDITIONS = DEBUG;
				SWIFT_OPTIMIZATION_LEVEL = "-Onone";
			};
			name = Debug;
		};
		682ECBA3284104A6002B39AF /* Release */ = {
			isa = XCBuildConfiguration;
			buildSettings = {
				ALWAYS_SEARCH_USER_PATHS = NO;
				CLANG_ANALYZER_NONNULL = YES;
				CLANG_ANALYZER_NUMBER_OBJECT_CONVERSION = YES_AGGRESSIVE;
				CLANG_CXX_LANGUAGE_STANDARD = "gnu++17";
				CLANG_ENABLE_MODULES = YES;
				CLANG_ENABLE_OBJC_ARC = YES;
				CLANG_ENABLE_OBJC_WEAK = YES;
				CLANG_WARN_BLOCK_CAPTURE_AUTORELEASING = YES;
				CLANG_WARN_BOOL_CONVERSION = YES;
				CLANG_WARN_COMMA = YES;
				CLANG_WARN_CONSTANT_CONVERSION = YES;
				CLANG_WARN_DEPRECATED_OBJC_IMPLEMENTATIONS = YES;
				CLANG_WARN_DIRECT_OBJC_ISA_USAGE = YES_ERROR;
				CLANG_WARN_DOCUMENTATION_COMMENTS = YES;
				CLANG_WARN_EMPTY_BODY = YES;
				CLANG_WARN_ENUM_CONVERSION = YES;
				CLANG_WARN_INFINITE_RECURSION = YES;
				CLANG_WARN_INT_CONVERSION = YES;
				CLANG_WARN_NON_LITERAL_NULL_CONVERSION = YES;
				CLANG_WARN_OBJC_IMPLICIT_RETAIN_SELF = YES;
				CLANG_WARN_OBJC_LITERAL_CONVERSION = YES;
				CLANG_WARN_OBJC_ROOT_CLASS = YES_ERROR;
				CLANG_WARN_QUOTED_INCLUDE_IN_FRAMEWORK_HEADER = YES;
				CLANG_WARN_RANGE_LOOP_ANALYSIS = YES;
				CLANG_WARN_STRICT_PROTOTYPES = YES;
				CLANG_WARN_SUSPICIOUS_MOVE = YES;
				CLANG_WARN_UNGUARDED_AVAILABILITY = YES_AGGRESSIVE;
				CLANG_WARN_UNREACHABLE_CODE = YES;
				CLANG_WARN__DUPLICATE_METHOD_MATCH = YES;
				COPY_PHASE_STRIP = NO;
				DEBUG_INFORMATION_FORMAT = "dwarf-with-dsym";
				ENABLE_NS_ASSERTIONS = NO;
				ENABLE_STRICT_OBJC_MSGSEND = YES;
				GCC_C_LANGUAGE_STANDARD = gnu11;
				GCC_NO_COMMON_BLOCKS = YES;
				GCC_WARN_64_TO_32_BIT_CONVERSION = YES;
				GCC_WARN_ABOUT_RETURN_TYPE = YES_ERROR;
				GCC_WARN_UNDECLARED_SELECTOR = YES;
				GCC_WARN_UNINITIALIZED_AUTOS = YES_AGGRESSIVE;
				GCC_WARN_UNUSED_FUNCTION = YES;
				GCC_WARN_UNUSED_VARIABLE = YES;
				IPHONEOS_DEPLOYMENT_TARGET = 13.0;
				MTL_ENABLE_DEBUG_INFO = NO;
				MTL_FAST_MATH = YES;
				SDKROOT = iphoneos;
				SWIFT_COMPILATION_MODE = wholemodule;
				SWIFT_OPTIMIZATION_LEVEL = "-O";
				VALIDATE_PRODUCT = YES;
			};
			name = Release;
		};
		682ECBA5284104A6002B39AF /* Debug */ = {
			isa = XCBuildConfiguration;
			buildSettings = {
				CODE_SIGN_STYLE = Automatic;
				DEVELOPMENT_TEAM = J8G8DUU33R;
				FRAMEWORK_SEARCH_PATHS = (
					"$(inherited)",
					"$(PROJECT_DIR)/OptiScanBarcodeReader-iOS/3rdPartyLibrary",
				);
				OTHER_LDFLAGS = "-ObjC";
				PRODUCT_NAME = "$(TARGET_NAME)";
				SKIP_INSTALL = YES;
				SWIFT_VERSION = 5.0;
				TARGETED_DEVICE_FAMILY = "1,2";
			};
			name = Debug;
		};
		682ECBA6284104A6002B39AF /* Release */ = {
			isa = XCBuildConfiguration;
			buildSettings = {
				CODE_SIGN_STYLE = Automatic;
				DEVELOPMENT_TEAM = J8G8DUU33R;
				FRAMEWORK_SEARCH_PATHS = (
					"$(inherited)",
					"$(PROJECT_DIR)/OptiScanBarcodeReader-iOS/3rdPartyLibrary",
				);
				OTHER_LDFLAGS = "-ObjC";
				PRODUCT_NAME = "$(TARGET_NAME)";
				SKIP_INSTALL = YES;
				SWIFT_VERSION = 5.0;
				TARGETED_DEVICE_FAMILY = "1,2";
			};
			name = Release;
		};
/* End XCBuildConfiguration section */

/* Begin XCConfigurationList section */
		682ECB98284104A6002B39AF /* Build configuration list for PBXProject "OptiScanBarcodeReader-iOS" */ = {
			isa = XCConfigurationList;
			buildConfigurations = (
				682ECBA2284104A6002B39AF /* Debug */,
				682ECBA3284104A6002B39AF /* Release */,
			);
			defaultConfigurationIsVisible = 0;
			defaultConfigurationName = Release;
		};
		682ECBA4284104A6002B39AF /* Build configuration list for PBXNativeTarget "OptiScanBarcodeReader-iOS" */ = {
			isa = XCConfigurationList;
			buildConfigurations = (
				682ECBA5284104A6002B39AF /* Debug */,
				682ECBA6284104A6002B39AF /* Release */,
			);
			defaultConfigurationIsVisible = 0;
			defaultConfigurationName = Release;
		};
/* End XCConfigurationList section */
	};
	rootObject = 682ECB95284104A6002B39AF /* Project object */;
}
